github.com/beorn7/perks v0.0.0-20160804104726-4c0e84591b9a/go.mod h1:Dwedo/Wpr24TaqPxmxbtue+5NUziq4I4S80YR8gNf3Q=
github.com/bradfitz/gomemcache v0.0.0-20170208213004-1952afaa557d/go.mod h1:PmM6Mmwb0LSuEubjR8N7PtNe1KxZLtOUHtbeikc5h60=
github.com/fiorix/go-listener v0.0.0-20170930130624-dbaa12f318e5/go.mod h1:Bt8rVwk67BWxWztrNR3DTCuMNja3rDsG2mNqLJ/jwAU=
github.com/fiorix/go-redis v0.0.0-20160104010333-d987058b55eb/go.mod h1:THDmknDNeEi7Mcc80Ehv21Y5+kficBbYDHIjfyTYUq4=
github.com/go-web/httplog v0.0.0-20160412232724-580d0d49f0d3/go.mod h1:Da5v0brBuBCjAuI69AL1Van7esYkRXD8QexNXVPb1zc=
github.com/go-web/httpmux v0.0.0-20160505070239-9e95425ee2c3/go.mod h1:gmmgB1VSDE+Z4B8DLF/71cw8me8RRHvtygKJkDjaDMA=
github.com/go-web/httprl v0.0.0-20160505070143-20dc8024cb5d/go.mod h1:+Oz8EB00Dj9M4/LZHdCtanx15xnw9aBYD+4oZe2ax9k=
github.com/golang/protobuf v0.0.0-20170920220647-130e6b02ab05/go.mod h1:6lQm79b+lXiMfvg/cZm0SGofjICqVBUtrP5yJMmIC1U=
github.com/howeyc/fsnotify v0.0.0-20151003194602-f0c08ee9c607 h1:+7wvV++11s0Okyl1dekihkIiCIYDz+Qk2LvxAShINU4=
github.com/howeyc/fsnotify v0.0.0-20151003194602-f0c08ee9c607/go.mod h1:41HzSPxBGeFRQKEEwgh49TRw/nKBsYZ2cF1OzPjSJsA=
github.com/julienschmidt/httprouter v0.0.0-20170430222011-975b5c4c7c21/go.mod h1:SYymIcj16QtmaHHD7aYtjjsJG7VTCxuUUipMqKk8s4w=
github.com/kelseyhightower/envconfig v0.0.0-20170918161510-462fda1f11d8/go.mod h1:cccZRl6mQpaq41TPp5QxidR+Sa3axMbJDNb//FQX6Gg=
github.com/matttproud/golang_protobuf_extensions v1.0.1/go.mod h1:D8He9yQNgCq6Z5Ld7szi9bcBfOoFv/3dc6xSMkL2PC0=
github.com/newrelic/go-agent v1.9.0/go.mod h1:a8Fv1b/fYhFSReoTU6HDkTYIMZeSVNffmoS726Y0LzQ=
github.com/oschwald/maxminddb-golang v0.0.0-20170901134056-26fe5ace1c70 h1:XGLYUmodtNzThosQ8GkMvj9TiIB/uWsP8NfxKSa3aDc=
github.com/oschwald/maxminddb-golang v0.0.0-20170901134056-26fe5ace1c70/go.mod h1:3jhIUymTJ5VREKyIhWm66LJiQt04F0UCDdodShpjWsY=
github.com/prometheus/client_golang v0.0.0-20170921105543-353b8c3f3776/go.mod h1:7SWBe2y4D6OKWSNQJUaRYU/AaXPKyh/dDVn+NZz0KFw=
github.com/prometheus/client_model v0.0.0-20170216185247-6f3806018612/go.mod h1:MbSGuTsp3dbXC40dX6PRTWyKYBIrTGTE9sqQNg2J8bo=
github.com/prometheus/common v0.0.0-20170908161822-2f17f4a9d485/go.mod h1:daVV7qP5qjZbuso7PdcryaAu0sAZbrN9i7WWcTMWvro=
github.com/prometheus/procfs v0.0.0-20170703101242-e645f4e5aaa8/go.mod h1:c3At6R/oaqEKCNdg8wHV1ftS6bRYblBhIjjI8uT2IGk=
github.com/rs/cors v0.0.0-20170801073201-eabcc6af4bbe/go.mod h1:gFx+x8UowdsKA9AchylcLynDq+nNFfI8FkUZdN/jGCU=
github.com/rs/xhandler v0.0.0-20160618193221-ed27b6fd6521/go.mod h1:RvLn4FgxWubrpZHtQLnOf6EwhN2hEMusxZOhcW9H3UQ=
golang.org/x/crypto v0.0.0-20170928142450-76eec36fa142/go.mod h1:6SG95UA2DQfeDnfUPMdvaQW0Q7yPrPDi9nlGo2tz2b4=
golang.org/x/net v0.0.0-20170927055102-0a9397675ba3/go.mod h1:mL1N/T3taQHkDXs73rZJwtUhF3w3ftmwwsq0BUmARs4=
golang.org/x/sys v0.0.0-20170927054621-314a259e304f h1:iUy6hSM2lPBGm2d9HgXq1GqYPwcJvA8ihnWauXggYMs=
golang.org/x/sys v0.0.0-20170927054621-314a259e304f/go.mod h1:STP8DvDyc/dI5b8T5hshtkjS+E42TnysNCUPdjciGhY=
golang.org/x/text v0.0.0-20171013141220-c01e4764d870/go.mod h1:NqM8EUOU14njkJ3fqMW+pc6Ldnwhi/IjpwHt7yyuwOQ=
